
Microsoft Visual Studio Solution File, Format Version 11.00
# Visual Studio 2010
Project("{8BC9CEB8-8B4A-11D0-8D11-00A0C91BC942}") = "Ch4", "Ch4\Ch4.vcxproj", "{7792F439-8D0B-4E1D-B4EA-32DA40B76316}"
EndProject
Project("{8BC9CEB8-8B4A-11D0-8D11-00A0C91BC942}") = "Test", "Test\Test.vcxproj", "{F4C2BE9E-0463-42F8-9DEE-0839196AC53C}"
EndProject
Global
	GlobalSection(SolutionConfigurationPlatforms) = preSolution
		Debug|Win32 = Debug|Win32
		Release|Win32 = Release|Win32
	EndGlobalSection
	GlobalSection(ProjectConfigurationPlatforms) = postSolution
		{7792F439-8D0B-4E1D-B4EA-32DA40B76316}.Debug|Win32.ActiveCfg = Debug|Win32
		{7792F439-8D0B-4E1D-B4EA-32DA40B76316}.Debug|Win32.Build.0 = Debug|Win32
		{7792F439-8D0B-4E1D-B4EA-32DA40B76316}.Release|Win32.ActiveCfg = Release|Win32
		{7792F439-8D0B-4E1D-B4EA-32DA40B76316}.Release|Win32.Build.0 = Release|Win32
		{F4C2BE9E-0463-42F8-9DEE-0839196AC53C}.Debug|Win32.ActiveCfg = Debug|Win32
		{F4C2BE9E-0463-42F8-9DEE-0839196AC53C}.Debug|Win32.Build.0 = Debug|Win32
		{F4C2BE9E-0463-42F8-9DEE-0839196AC53C}.Release|Win32.ActiveCfg = Release|Win32
		{F4C2BE9E-0463-42F8-9DEE-0839196AC53C}.Release|Win32.Build.0 = Release|Win32
	EndGlobalSection
	GlobalSection(SolutionProperties) = preSolution
		HideSolutionNode = FALSE
	EndGlobalSection
EndGlobal
